
Microsoft Visual Studio Solution File, Format Version 12.00
# Visual Studio 15
VisualStudioVersion = 15.0.28010.2003
MinimumVisualStudioVersion = 10.0.40219.1
Project("{FAE04EC0-301F-11D3-BF4B-00C04F79EFBC}") = "methodOO", "methodOO\methodOO.csproj", "{37191609-7B98-48B5-BCF8-77C715BEE0A5}"
EndProject
Global
	GlobalSection(SolutionConfigurationPlatforms) = preSolution
		Debug|Any CPU = Debug|Any CPU
		Release|Any CPU = Release|Any CPU
	EndGlobalSection
	GlobalSection(ProjectConfigurationPlatforms) = postSolution
		{37191609-7B98-48B5-BCF8-77C715BEE0A5}.Debug|Any CPU.ActiveCfg = Debug|Any CPU
		{37191609-7B98-48B5-BCF8-77C715BEE0A5}.Debug|Any CPU.Build.0 = Debug|Any CPU
		{37191609-7B98-48B5-BCF8-77C715BEE0A5}.Release|Any CPU.ActiveCfg = Release|Any CPU
		{37191609-7B98-48B5-BCF8-77C715BEE0A5}.Release|Any CPU.Build.0 = Release|Any CPU
	EndGlobalSection
	GlobalSection(SolutionProperties) = preSolution
		HideSolutionNode = FALSE
	EndGlobalSection
	GlobalSection(ExtensibilityGlobals) = postSolution
		SolutionGuid = {12A3C0A5-6EC0-42B5-B684-C9632A36E871}
	EndGlobalSection
EndGlobal
